# This file is generated by running "yarn install" inside your project.
# Manual changes might be lost - proceed with caution!

__metadata:
  version: 5
  cacheKey: 8

"@osmoscraft/osmosfeed@npm:^1.10.2":
  version: 1.11.3
  resolution: "@osmoscraft/osmosfeed@npm:1.11.3"
  dependencies:
    axios: ^0.23.0
    cheerio: ^1.0.0-rc.10
    feed: ^4.2.2
    handlebars: ^4.7.7
    js-yaml: ^4.1.0
    rss-parser: ^3.12.0
  bin:
    osmosfeed: main.js
  checksum: 6a8590e1ec8d4c9bb753509d9609438323a29631b81852c481a782048d8290f5d18eb5a599a51adbba6b531ed866ad3f5ab456ddeb093c9a41f57426e1d23181
  languageName: node
  linkType: hard

"argparse@npm:^2.0.1":
  version: 2.0.1
  resolution: "argparse@npm:2.0.1"
  checksum: 83644b56493e89a254bae05702abf3a1101b4fa4d0ca31df1c9985275a5a5bd47b3c27b7fa0b71098d41114d8ca000e6ed90cad764b306f8a503665e4d517ced
  languageName: node
  linkType: hard

"axios@npm:^0.23.0":
  version: 0.23.0
  resolution: "axios@npm:0.23.0"
  dependencies:
    follow-redirects: ^1.14.4
  checksum: 879f61022bd825da2a7ebb72410bc528683ba54c140436baa0b924b7cab02ec0919fe64a04a546f482a75f5fd570b77884f9826764a95f2fd88265e61dcb70db
  languageName: node
  linkType: hard

"boolbase@npm:^1.0.0":
  version: 1.0.0
  resolution: "boolbase@npm:1.0.0"
  checksum: 3e25c80ef626c3a3487c73dbfc70ac322ec830666c9ad915d11b701142fab25ec1e63eff2c450c74347acfd2de854ccde865cd79ef4db1683f7c7b046ea43bb0
  languageName: node
  linkType: hard

"cheerio-select@npm:^1.5.0":
  version: 1.5.0
  resolution: "cheerio-select@npm:1.5.0"
  dependencies:
    css-select: ^4.1.3
    css-what: ^5.0.1
    domelementtype: ^2.2.0
    domhandler: ^4.2.0
    domutils: ^2.7.0
  checksum: d4506d8b9ad330a18f9de3a5a22138d0804063e92aac2fc020384cc52ab86d2194d2ae614fc87f0e2a62b6a6dd0c28ad23669cec64331172a9f99ad604863010
  languageName: node
  linkType: hard

"cheerio@npm:^1.0.0-rc.10":
  version: 1.0.0-rc.10
  resolution: "cheerio@npm:1.0.0-rc.10"
  dependencies:
    cheerio-select: ^1.5.0
    dom-serializer: ^1.3.2
    domhandler: ^4.2.0
    htmlparser2: ^6.1.0
    parse5: ^6.0.1
    parse5-htmlparser2-tree-adapter: ^6.0.1
    tslib: ^2.2.0
  checksum: ace2f9c5809737534b1320d11d48762013694fa905b4deacac81a634edac178c1b0534f79d7b1896a88ce489db6cb539f222317996b21c8b6923ce413dcc1a2f
  languageName: node
  linkType: hard

"css-select@npm:^4.1.3":
  version: 4.1.3
  resolution: "css-select@npm:4.1.3"
  dependencies:
    boolbase: ^1.0.0
    css-what: ^5.0.0
    domhandler: ^4.2.0
    domutils: ^2.6.0
    nth-check: ^2.0.0
  checksum: 40928f1aa6c71faf36430e7f26bcbb8ab51d07b98b754caacb71906400a195df5e6c7020a94f2982f02e52027b9bd57c99419220cf7020968c3415f14e4be5f8
  languageName: node
  linkType: hard

"css-what@npm:^5.0.0, css-what@npm:^5.0.1":
  version: 5.1.0
  resolution: "css-what@npm:5.1.0"
  checksum: 0b75d1bac95c885c168573c85744a6c6843d8c33345f54f717218b37ea6296b0e99bb12105930ea170fd4a921990392a7c790c16c585c1d8960c49e2b7ec39f7
  languageName: node
  linkType: hard

"dom-serializer@npm:^1.0.1, dom-serializer@npm:^1.3.2":
  version: 1.3.2
  resolution: "dom-serializer@npm:1.3.2"
  dependencies:
    domelementtype: ^2.0.1
    domhandler: ^4.2.0
    entities: ^2.0.0
  checksum: bff48714944d67b160db71ba244fb0f3fe72e77ef2ec8414e2eeb56f2d926e404a13456b8b83a5392e217ba47dec2ec0c368801b31481813e94d185276c3e964
  languageName: node
  linkType: hard

"domelementtype@npm:^2.0.1, domelementtype@npm:^2.2.0":
  version: 2.2.0
  resolution: "domelementtype@npm:2.2.0"
  checksum: 24cb386198640cd58aa36f8c987f2ea61859929106d06ffcc8f547e70cb2ed82a6dc56dcb8252b21fba1f1ea07df6e4356d60bfe57f77114ca1aed6828362629
  languageName: node
  linkType: hard

"domhandler@npm:^4.0.0, domhandler@npm:^4.2.0":
  version: 4.2.2
  resolution: "domhandler@npm:4.2.2"
  dependencies:
    domelementtype: ^2.2.0
  checksum: ad782fef984eca5a6fdd4ce70b90c38aff335ae4d6a51223ac82bd371b6674614efdcfff2dbb1126a7395634357906781f179e4ec028c7c578bb7f2beef8a4a5
  languageName: node
  linkType: hard

"domutils@npm:^2.5.2, domutils@npm:^2.6.0, domutils@npm:^2.7.0":
  version: 2.8.0
  resolution: "domutils@npm:2.8.0"
  dependencies:
    dom-serializer: ^1.0.1
    domelementtype: ^2.2.0
    domhandler: ^4.2.0
  checksum: abf7434315283e9aadc2a24bac0e00eab07ae4313b40cc239f89d84d7315ebdfd2fb1b5bf750a96bc1b4403d7237c7b2ebf60459be394d625ead4ca89b934391
  languageName: node
  linkType: hard

"entities@npm:^2.0.0, entities@npm:^2.0.3":
  version: 2.2.0
  resolution: "entities@npm:2.2.0"
  checksum: 19010dacaf0912c895ea262b4f6128574f9ccf8d4b3b65c7e8334ad0079b3706376360e28d8843ff50a78aabcb8f08f0a32dbfacdc77e47ed77ca08b713669b3
  languageName: node
  linkType: hard

"feed@npm:^4.2.2":
  version: 4.2.2
  resolution: "feed@npm:4.2.2"
  dependencies:
    xml-js: ^1.6.11
  checksum: 2e6992a675a049511eef7bda8ca6c08cb9540cd10e8b275ec4c95d166228ec445a335fa8de990358759f248a92861e51decdcd32bf1c54737d5b7aed7c7ffe97
  languageName: node
  linkType: hard

"follow-redirects@npm:^1.14.4":
  version: 1.14.5
  resolution: "follow-redirects@npm:1.14.5"
  peerDependenciesMeta:
    debug:
      optional: true
  checksum: f004a76b2ee3a849772c2816e30928253bf47537b0f00184d89f4966413add96a228a4d96ca8c702bc045a683c52c2ba41545c915cc1a5e33bf8fd9d07b59aee
  languageName: node
  linkType: hard

"handlebars@npm:^4.7.7":
  version: 4.7.7
  resolution: "handlebars@npm:4.7.7"
  dependencies:
    minimist: ^1.2.5
    neo-async: ^2.6.0
    source-map: ^0.6.1
    uglify-js: ^3.1.4
    wordwrap: ^1.0.0
  dependenciesMeta:
    uglify-js:
      optional: true
  bin:
    handlebars: bin/handlebars
  checksum: 1e79a43f5e18d15742977cb987923eab3e2a8f44f2d9d340982bcb69e1735ed049226e534d7c1074eaddaf37e4fb4f471a8adb71cddd5bc8cf3f894241df5cee
  languageName: node
  linkType: hard

"htmlparser2@npm:^6.1.0":
  version: 6.1.0
  resolution: "htmlparser2@npm:6.1.0"
  dependencies:
    domelementtype: ^2.0.1
    domhandler: ^4.0.0
    domutils: ^2.5.2
    entities: ^2.0.0
  checksum: 81a7b3d9c3bb9acb568a02fc9b1b81ffbfa55eae7f1c41ae0bf840006d1dbf54cb3aa245b2553e2c94db674840a9f0fdad7027c9a9d01a062065314039058c4e
  languageName: node
  linkType: hard

"js-yaml@npm:^4.1.0":
  version: 4.1.0
  resolution: "js-yaml@npm:4.1.0"
  dependencies:
    argparse: ^2.0.1
  bin:
    js-yaml: bin/js-yaml.js
  checksum: c7830dfd456c3ef2c6e355cc5a92e6700ceafa1d14bba54497b34a99f0376cecbb3e9ac14d3e5849b426d5a5140709a66237a8c991c675431271c4ce5504151a
  languageName: node
  linkType: hard

"markdown-table@npm:^3.0.0":
  version: 3.0.1
  resolution: "markdown-table@npm:3.0.1"
  checksum: 5376078ab652ba68cf855b33d338b3472d28b9f8c254dc0530261f55490261e861742a8e6625239cbbed08f899cbf0de7d2d1d5de48d3e7c6afd5f0876730227
  languageName: node
  linkType: hard

"minimist@npm:^1.2.5":
  version: 1.2.5
  resolution: "minimist@npm:1.2.5"
  checksum: 86706ce5b36c16bfc35c5fe3dbb01d5acdc9a22f2b6cc810b6680656a1d2c0e44a0159c9a3ba51fb072bb5c203e49e10b51dcd0eec39c481f4c42086719bae52
  languageName: node
  linkType: hard

"neo-async@npm:^2.6.0":
  version: 2.6.2
  resolution: "neo-async@npm:2.6.2"
  checksum: deac9f8d00eda7b2e5cd1b2549e26e10a0faa70adaa6fdadca701cc55f49ee9018e427f424bac0c790b7c7e2d3068db97f3093f1093975f2acb8f8818b936ed9
  languageName: node
  linkType: hard

"nth-check@npm:^2.0.0":
  version: 2.0.1
  resolution: "nth-check@npm:2.0.1"
  dependencies:
    boolbase: ^1.0.0
  checksum: 5386d035c48438ff304fe687704d93886397349d1bed136de97aeae464caba10e8ffac55a04b215b86b3bc8897f33e0a5aa1045a9d8b2f251ae61b2a3ad3e450
  languageName: node
  linkType: hard

"osmosfeed-template@workspace:.":
  version: 0.0.0-use.local
  resolution: "osmosfeed-template@workspace:."
  dependencies:
    "@osmoscraft/osmosfeed": ^1.10.2
    markdown-table: ^3.0.0
  languageName: unknown
  linkType: soft

"parse5-htmlparser2-tree-adapter@npm:^6.0.1":
  version: 6.0.1
  resolution: "parse5-htmlparser2-tree-adapter@npm:6.0.1"
  dependencies:
    parse5: ^6.0.1
  checksum: 1848378b355d027915645c13f13f982e60502d201f53bc2067a508bf2dba4aac08219fc781dcd160167f5f50f0c73f58d20fa4fb3d90ee46762c20234fa90a6d
  languageName: node
  linkType: hard

"parse5@npm:^6.0.1":
  version: 6.0.1
  resolution: "parse5@npm:6.0.1"
  checksum: 7d569a176c5460897f7c8f3377eff640d54132b9be51ae8a8fa4979af940830b2b0c296ce75e5bd8f4041520aadde13170dbdec44889975f906098ea0002f4bd
  languageName: node
  linkType: hard

"rss-parser@npm:^3.12.0":
  version: 3.12.0
  resolution: "rss-parser@npm:3.12.0"
  dependencies:
    entities: ^2.0.3
    xml2js: ^0.4.19
  checksum: aa0f0eb2e3a5c70677a1c7cb6c2e96420f12c8963a8bed922ec2ff1bb9dbbb725fc5783be31ca8140154c3d5589ccd31580ced7d32ebd0dda7572f78ce242a41
  languageName: node
  linkType: hard

"sax@npm:>=0.6.0, sax@npm:^1.2.4":
  version: 1.2.4
  resolution: "sax@npm:1.2.4"
  checksum: d3df7d32b897a2c2f28e941f732c71ba90e27c24f62ee918bd4d9a8cfb3553f2f81e5493c7f0be94a11c1911b643a9108f231dd6f60df3fa9586b5d2e3e9e1fe
  languageName: node
  linkType: hard

"source-map@npm:^0.6.1":
  version: 0.6.1
  resolution: "source-map@npm:0.6.1"
  checksum: 59ce8640cf3f3124f64ac289012c2b8bd377c238e316fb323ea22fbfe83da07d81e000071d7242cad7a23cd91c7de98e4df8830ec3f133cb6133a5f6e9f67bc2
  languageName: node
  linkType: hard

"tslib@npm:^2.2.0":
  version: 2.3.1
  resolution: "tslib@npm:2.3.1"
  checksum: de17a98d4614481f7fcb5cd53ffc1aaf8654313be0291e1bfaee4b4bb31a20494b7d218ff2e15017883e8ea9626599b3b0e0229c18383ba9dce89da2adf15cb9
  languageName: node
  linkType: hard

"uglify-js@npm:^3.1.4":
  version: 3.14.3
  resolution: "uglify-js@npm:3.14.3"
  bin:
    uglifyjs: bin/uglifyjs
  checksum: eef57b4fec031f687bef46182c33de5eff6bc40fec8d46152f3b92bb044602dd524a04e33ca5f7391f82db969b92ef6aded860f8a4ee5f4bf796d7420b030236
  languageName: node
  linkType: hard

"wordwrap@npm:^1.0.0":
  version: 1.0.0
  resolution: "wordwrap@npm:1.0.0"
  checksum: 2a44b2788165d0a3de71fd517d4880a8e20ea3a82c080ce46e294f0b68b69a2e49cff5f99c600e275c698a90d12c5ea32aff06c311f0db2eb3f1201f3e7b2a04
  languageName: node
  linkType: hard

"xml-js@npm:^1.6.11":
  version: 1.6.11
  resolution: "xml-js@npm:1.6.11"
  dependencies:
    sax: ^1.2.4
  bin:
    xml-js: ./bin/cli.js
  checksum: 24a55479919413687105fc2d8ab05e613ebedb1c1bc12258a108e07cff5ef793779297db854800a4edf0281303ebd1f177bc4a588442f5344e62b3dddda26c2b
  languageName: node
  linkType: hard

"xml2js@npm:^0.4.19":
  version: 0.4.23
  resolution: "xml2js@npm:0.4.23"
  dependencies:
    sax: ">=0.6.0"
    xmlbuilder: ~11.0.0
  checksum: ca0cf2dfbf6deeaae878a891c8fbc0db6fd04398087084edf143cdc83d0509ad0fe199b890f62f39c4415cf60268a27a6aed0d343f0658f8779bd7add690fa98
  languageName: node
  linkType: hard

"xmlbuilder@npm:~11.0.0":
  version: 11.0.1
  resolution: "xmlbuilder@npm:11.0.1"
  checksum: 7152695e16f1a9976658215abab27e55d08b1b97bca901d58b048d2b6e106b5af31efccbdecf9b07af37c8377d8e7e821b494af10b3a68b0ff4ae60331b415b0
  languageName: node
  linkType: hard
