# This file is generated by running "yarn install" inside your project.
# Manual changes might be lost - proceed with caution!

__metadata:
  version: 4
  cacheKey: 7

"@osmoscraft/osmosfeed@npm:^1.10.2":
  version: 1.11.0
  resolution: "@osmoscraft/osmosfeed@npm:1.11.0"
  dependencies:
    axios: ^0.21.1
    cheerio: ^1.0.0-rc.9
    feed: ^4.2.2
    handlebars: ^4.7.7
    js-yaml: ^4.0.0
    rss-parser: ^3.12.0
  bin:
    osmosfeed: bin/main.js
  checksum: 7c66c0e83966aa0d37847b8fe4f1aff870eb7a53b769da47931e679d35e793d519e5e99f9cf460c677fb380395074f774a25a4726e0fdd1c0fd3985d589c71eb
  languageName: node
  linkType: hard

"argparse@npm:^2.0.1":
  version: 2.0.1
  resolution: "argparse@npm:2.0.1"
  checksum: 160b7a25d2a7097fd5fdf25eb8a99e037340078f70e6c7cfdef305837ed14d54570b2b13261bcae26c8cd44ad6e9a7136a0110d815ac65a7891c69c7bf2f4afd
  languageName: node
  linkType: hard

"axios@npm:^0.21.1":
  version: 0.21.1
  resolution: "axios@npm:0.21.1"
  dependencies:
    follow-redirects: ^1.10.0
  checksum: 864fb7b5d077d236737f10adca53bf451a93f35a15271f56fba8da07265a02d26b7d881b935a6697dc6adb0549ea3e56d2eecb403edaa3bb78f6479901c10f69
  languageName: node
  linkType: hard

"boolbase@npm:^1.0.0":
  version: 1.0.0
  resolution: "boolbase@npm:1.0.0"
  checksum: e827963c416fdb1dbcd57e066a43c40829518f4dcdc9f58ed04519daeebb610adacbb6cf102518bda9f08be593c5b1b49a83e36bf6b7d91b3403f7e35510eeae
  languageName: node
  linkType: hard

"cheerio-select@npm:^1.5.0":
  version: 1.5.0
  resolution: "cheerio-select@npm:1.5.0"
  dependencies:
    css-select: ^4.1.3
    css-what: ^5.0.1
    domelementtype: ^2.2.0
    domhandler: ^4.2.0
    domutils: ^2.7.0
  checksum: da0a1cb2d6f997dbec6b3c8a6e1f2c2f93bca00348010d0260a2382c42ce17ce34b07697be06c0341e61b3537bf4785dc772b2738661b735300cb71d4bafe368
  languageName: node
  linkType: hard

"cheerio@npm:^1.0.0-rc.9":
  version: 1.0.0-rc.10
  resolution: "cheerio@npm:1.0.0-rc.10"
  dependencies:
    cheerio-select: ^1.5.0
    dom-serializer: ^1.3.2
    domhandler: ^4.2.0
    htmlparser2: ^6.1.0
    parse5: ^6.0.1
    parse5-htmlparser2-tree-adapter: ^6.0.1
    tslib: ^2.2.0
  checksum: 699dcf9d44004a43b9caade3c632316deef64203ab73e4d1ea98aeb435ce3cb84fa3c794bdab61183b60cd736a3305b4867e528aef75a6b3d90ce4258de6f749
  languageName: node
  linkType: hard

"css-select@npm:^4.1.3":
  version: 4.1.3
  resolution: "css-select@npm:4.1.3"
  dependencies:
    boolbase: ^1.0.0
    css-what: ^5.0.0
    domhandler: ^4.2.0
    domutils: ^2.6.0
    nth-check: ^2.0.0
  checksum: 0259932ad2f37dd6fd0ba7a16a1bedb58d9ac2f0dd6888a27ea860193340ec4599568d126740ae8809eb814c3a6e848fb6ce674c420dc439877becccb91b03af
  languageName: node
  linkType: hard

"css-what@npm:^5.0.0, css-what@npm:^5.0.1":
  version: 5.0.1
  resolution: "css-what@npm:5.0.1"
  checksum: 051bcda396ef25fbc58f66a0c9b54c3bd11f5b8a9f9cdf138865c3bff029fddb6df8fffb487a079110d691856385769fe4e9345262fabeb7a09783dd6f6a7bc2
  languageName: node
  linkType: hard

"dom-serializer@npm:^1.0.1, dom-serializer@npm:^1.3.2":
  version: 1.3.2
  resolution: "dom-serializer@npm:1.3.2"
  dependencies:
    domelementtype: ^2.0.1
    domhandler: ^4.2.0
    entities: ^2.0.0
  checksum: 1a5d6970d27a4fac3e7a372f60c544704174b7cc63178a0bae80edfbe5bec7cb2a8c2c3931fc4cb0270b909fadaa19d34506650559dcf1a35edc8db605da98b6
  languageName: node
  linkType: hard

"domelementtype@npm:^2.0.1, domelementtype@npm:^2.2.0":
  version: 2.2.0
  resolution: "domelementtype@npm:2.2.0"
  checksum: 70af22cd69a8e0c0cd4fbbba0459991aacb015f60765050b4a6d1750fd201b4bd4fd1e6922e945200f9cc725cd61be1cd393a3b9b576187759e3b046f33a4a30
  languageName: node
  linkType: hard

"domhandler@npm:^4.0.0, domhandler@npm:^4.2.0":
  version: 4.2.0
  resolution: "domhandler@npm:4.2.0"
  dependencies:
    domelementtype: ^2.2.0
  checksum: 1bdb0ae6b9a93f4a2e8a77da304a435bfd35af0e52c5208f24277093b7fa2e6084cdbd4eb7fdd5c0ca5bf2c67736a19b258fe9e61588f4c49eaa0abde8d3595d
  languageName: node
  linkType: hard

"domutils@npm:^2.5.2, domutils@npm:^2.6.0, domutils@npm:^2.7.0":
  version: 2.7.0
  resolution: "domutils@npm:2.7.0"
  dependencies:
    dom-serializer: ^1.0.1
    domelementtype: ^2.2.0
    domhandler: ^4.2.0
  checksum: b7c6cbd4854611447785cdc10f989728cc213652c89211b7d0956c37e565b8a2881683a0162b9a77aa39f52de1eff10f439fe77315d3e828beda3b81a43c1dea
  languageName: node
  linkType: hard

"entities@npm:^2.0.0, entities@npm:^2.0.3":
  version: 2.2.0
  resolution: "entities@npm:2.2.0"
  checksum: ebd62621a15a13f4e914322cf8b1d4aeb224fa5365910d8899615835dada8b1349dea77bbcd4db2eea100845de313c46303accafece669d929d64ebcc90f4517
  languageName: node
  linkType: hard

"feed@npm:^4.2.2":
  version: 4.2.2
  resolution: "feed@npm:4.2.2"
  dependencies:
    xml-js: ^1.6.11
  checksum: ed335621ab68a8f9af85838d53d94e2c878647f206c44068779c7df69e6fadb4e91c753354c580522a65150738bd1eaa422dd056379a6fa2a77e453f8ea8f411
  languageName: node
  linkType: hard

"follow-redirects@npm:^1.10.0":
  version: 1.14.1
  resolution: "follow-redirects@npm:1.14.1"
  peerDependenciesMeta:
    debug:
      optional: true
  checksum: 761a18699688b19d66b3e9199ecaf9cd39ede953f3529299c7fca4190b27b855c17c491170977844d5db5e169ffc35ebae999bb0833e9c9c61988d19c20ae7ab
  languageName: node
  linkType: hard

"handlebars@npm:^4.7.7":
  version: 4.7.7
  resolution: "handlebars@npm:4.7.7"
  dependencies:
    minimist: ^1.2.5
    neo-async: ^2.6.0
    source-map: ^0.6.1
    uglify-js: ^3.1.4
    wordwrap: ^1.0.0
  dependenciesMeta:
    uglify-js:
      optional: true
  bin:
    handlebars: bin/handlebars
  checksum: 2df9a6b422e2ccc0b7ca53f7a1f9915b47d19bf3fd372824a87e2a28b7952fa2cb3348cbe33a87ef49ee04f42d10359aab44819ca8d680ee3a5b53d48bd062a1
  languageName: node
  linkType: hard

"htmlparser2@npm:^6.1.0":
  version: 6.1.0
  resolution: "htmlparser2@npm:6.1.0"
  dependencies:
    domelementtype: ^2.0.1
    domhandler: ^4.0.0
    domutils: ^2.5.2
    entities: ^2.0.0
  checksum: 37b0b2c0ae99aed0537f6373a6ad3dc6f19fddfd10799a75e76213458a0f754bbd3a829f075d175c9f5e3c70c7e354cb5a1dd1b582cee90e28a0845a96d524dc
  languageName: node
  linkType: hard

"js-yaml@npm:^4.0.0":
  version: 4.1.0
  resolution: "js-yaml@npm:4.1.0"
  dependencies:
    argparse: ^2.0.1
  bin:
    js-yaml: bin/js-yaml.js
  checksum: 8973cf4296c944cc2551d1e3d3d064e7de0d0a6db3f7bafe40339ee9e5e0329560b52c4b8492b9b22365404c9be0822b62340ab49884e1dedfcc7ff80158abe0
  languageName: node
  linkType: hard

"markdown-table@npm:^3.0.0":
  version: 3.0.1
  resolution: "markdown-table@npm:3.0.1"
  checksum: d24516820aec1e416aea40b02c0fdc547159e819d5c565e2beadfc9085831513fe5627efa420ef681e96b26291a41d92d087f0cd7d9feaa7e9be153e2857a9b8
  languageName: node
  linkType: hard

"minimist@npm:^1.2.5":
  version: 1.2.5
  resolution: "minimist@npm:1.2.5"
  checksum: b77b8590147a4e217ff34266236bc39de23b52e6e33054076991ff674c7397a1380a7bde11111916f16f003a94aaa7e4f3d92595a32189644ff607fabc65a5b6
  languageName: node
  linkType: hard

"neo-async@npm:^2.6.0":
  version: 2.6.2
  resolution: "neo-async@npm:2.6.2"
  checksum: 34a8f5309135be258a97082af810ea43700a3e0121e7b1ea31b3e22e2663d7c0d502cd949abb6d1ab8c11abfd04500ee61721ec5408b2d4bef8105241fd8a4c2
  languageName: node
  linkType: hard

"node-fetch@npm:^2.6.1":
  version: 2.6.1
  resolution: "node-fetch@npm:2.6.1"
  checksum: cbb171635e538162b977eac5dfe7a1e07a9a02e991924377a6435502291e2f823d306b95aabc455caebf4a118ccf836868462bc70ccc3095af02bb9da61fda37
  languageName: node
  linkType: hard

"nth-check@npm:^2.0.0":
  version: 2.0.0
  resolution: "nth-check@npm:2.0.0"
  dependencies:
    boolbase: ^1.0.0
  checksum: 380a6dcf32910c783f30c62d6ae02194e8ac860faf99ff46b2248942477304351755a7ee2fa26ce289b6d078350fa14703da5cf4b3c65275032b43008a275064
  languageName: node
  linkType: hard

"osmosfeed-template@workspace:.":
  version: 0.0.0-use.local
  resolution: "osmosfeed-template@workspace:."
  dependencies:
    "@osmoscraft/osmosfeed": ^1.10.2
    markdown-table: ^3.0.0
    node-fetch: ^2.6.1
  languageName: unknown
  linkType: soft

"parse5-htmlparser2-tree-adapter@npm:^6.0.1":
  version: 6.0.1
  resolution: "parse5-htmlparser2-tree-adapter@npm:6.0.1"
  dependencies:
    parse5: ^6.0.1
  checksum: d7389a60fd1930cbbde40456a5f990468d13f4b7a5550db01adde4d61e97245e90c32de2575b531408fe7a2781111f96b1c955ff23bf2f61218db712434be3e0
  languageName: node
  linkType: hard

"parse5@npm:^6.0.1":
  version: 6.0.1
  resolution: "parse5@npm:6.0.1"
  checksum: e312014edd76a6dc2eac35248ad53477b2594a7b92b7a00f66169483bb87c3d1d36660daddeb720457418dfe0893eb3ad1043085047fc3699167afa6834cb4c4
  languageName: node
  linkType: hard

"rss-parser@npm:^3.12.0":
  version: 3.12.0
  resolution: "rss-parser@npm:3.12.0"
  dependencies:
    entities: ^2.0.3
    xml2js: ^0.4.19
  checksum: 9f2e60567fa5314acfafc85c221d6169aa38c2548908d875682b20e976f419fcb2e70206cbf1a86959828480cf0be78d871052427a179020060b3092dbfac82c
  languageName: node
  linkType: hard

"sax@npm:>=0.6.0, sax@npm:^1.2.4":
  version: 1.2.4
  resolution: "sax@npm:1.2.4"
  checksum: 9d7668d69105e89e2c1a4b2fdc12c72e1a2f78b825f7b4a8a2ea5cdfebf70920bd17715bed55264c3b3959616a0695f8ad2d098bf6944fbd0953ee9c695dceef
  languageName: node
  linkType: hard

"source-map@npm:^0.6.1":
  version: 0.6.1
  resolution: "source-map@npm:0.6.1"
  checksum: 8647829a0611724114022be455ca1c8a2c8ae61df81c5b3667d9b398207226a1e21174fb7bbf0b4dbeb27ac358222afb5a14f1c74a62a62b8883b012e5eb1270
  languageName: node
  linkType: hard

"tslib@npm:^2.2.0":
  version: 2.3.0
  resolution: "tslib@npm:2.3.0"
  checksum: 7b4fc9feff0f704743c3760f5d8d708f6417fac6458159e63df3a6b1100f0736e3b99edb9fe370f274ad15160a1f49ff05cb49402534c818ff552c48e38c3e6e
  languageName: node
  linkType: hard

"uglify-js@npm:^3.1.4":
  version: 3.13.10
  resolution: "uglify-js@npm:3.13.10"
  bin:
    uglifyjs: bin/uglifyjs
  checksum: 2c8467faf68a0ba4da7a9539026dc996804f0e89f184ce0a6ceaa9a9c7e4e2ab78399caee8ebbebcd3df64a45b049585c4125e144f1c5992f9b61e81864d9535
  languageName: node
  linkType: hard

"wordwrap@npm:^1.0.0":
  version: 1.0.0
  resolution: "wordwrap@npm:1.0.0"
  checksum: b4f3f8104a727d1b08e77f43f3692977146f13074392747a3d9cfd631d0fc3ff1c0c034d44fcd7a22183c6505d2fc305421e3512671f8a56f903055671ace4ce
  languageName: node
  linkType: hard

"xml-js@npm:^1.6.11":
  version: 1.6.11
  resolution: "xml-js@npm:1.6.11"
  dependencies:
    sax: ^1.2.4
  bin:
    xml-js: ./bin/cli.js
  checksum: 375073635884af60c5f02d1b586dfd4f4ba08285d5a4241f562f0692fa514c2764d31f6a92e07e9d499fc5855ea62f95931e691811aabf739958c18fe06256a6
  languageName: node
  linkType: hard

"xml2js@npm:^0.4.19":
  version: 0.4.23
  resolution: "xml2js@npm:0.4.23"
  dependencies:
    sax: ">=0.6.0"
    xmlbuilder: ~11.0.0
  checksum: 5e6e53955714a9d094c9f39ac7509706d136a3dae76684059019ca949e131775f69715715879df86b1a49519ffea3805ff2e930596e229c5f6228ce027e8a80e
  languageName: node
  linkType: hard

"xmlbuilder@npm:~11.0.0":
  version: 11.0.1
  resolution: "xmlbuilder@npm:11.0.1"
  checksum: 8f479b28b5897d903dc514c45c54c869b2f798c0eb44b11e35f7d6e3e631fb9d7aaaec6b9db6b92b715b4ded00d9d8ed8c08e9fd7e2a5f220b14b7b54403fa10
  languageName: node
  linkType: hard
