# This file is generated by running "yarn install" inside your project.
# Manual changes might be lost - proceed with caution!

__metadata:
  version: 5
  cacheKey: 8

"markdown-table@npm:^3.0.0":
  version: 3.0.1
  resolution: "markdown-table@npm:3.0.1"
  checksum: 5376078ab652ba68cf855b33d338b3472d28b9f8c254dc0530261f55490261e861742a8e6625239cbbed08f899cbf0de7d2d1d5de48d3e7c6afd5f0876730227
  languageName: node
  linkType: hard

"osmosfeed-template@workspace:.":
  version: 0.0.0-use.local
  resolution: "osmosfeed-template@workspace:."
  dependencies:
    markdown-table: ^3.0.0
  languageName: unknown
  linkType: soft
